
Microsoft Visual Studio Solution File, Format Version 12.00
# Visual Studio 2012
Project("{FAE04EC0-301F-11D3-BF4B-00C04F79EFBC}") = "Blog.WebAPI", "Blog.WebAPI\Blog.WebAPI.csproj", "{25DFA545-C9D0-458F-B7CC-D875B7552756}"
EndProject
Project("{FAE04EC0-301F-11D3-BF4B-00C04F79EFBC}") = "BlogSystem.Model", "BlogSystem.Model\BlogSystem.Model.csproj", "{2FD00772-362F-4132-82D8-46E713D77C6F}"
EndProject
Project("{FAE04EC0-301F-11D3-BF4B-00C04F79EFBC}") = "Blog.Tests", "Blog.Tests\Blog.Tests.csproj", "{CAB114E5-C9D8-4F25-9710-47CEDF26B616}"
EndProject
Global
	GlobalSection(SolutionConfigurationPlatforms) = preSolution
		Debug|Any CPU = Debug|Any CPU
		Release|Any CPU = Release|Any CPU
	EndGlobalSection
	GlobalSection(ProjectConfigurationPlatforms) = postSolution
		{25DFA545-C9D0-458F-B7CC-D875B7552756}.Debug|Any CPU.ActiveCfg = Debug|Any CPU
		{25DFA545-C9D0-458F-B7CC-D875B7552756}.Debug|Any CPU.Build.0 = Debug|Any CPU
		{25DFA545-C9D0-458F-B7CC-D875B7552756}.Release|Any CPU.ActiveCfg = Release|Any CPU
		{25DFA545-C9D0-458F-B7CC-D875B7552756}.Release|Any CPU.Build.0 = Release|Any CPU
		{2FD00772-362F-4132-82D8-46E713D77C6F}.Debug|Any CPU.ActiveCfg = Debug|Any CPU
		{2FD00772-362F-4132-82D8-46E713D77C6F}.Debug|Any CPU.Build.0 = Debug|Any CPU
		{2FD00772-362F-4132-82D8-46E713D77C6F}.Release|Any CPU.ActiveCfg = Release|Any CPU
		{2FD00772-362F-4132-82D8-46E713D77C6F}.Release|Any CPU.Build.0 = Release|Any CPU
		{CAB114E5-C9D8-4F25-9710-47CEDF26B616}.Debug|Any CPU.ActiveCfg = Debug|Any CPU
		{CAB114E5-C9D8-4F25-9710-47CEDF26B616}.Debug|Any CPU.Build.0 = Debug|Any CPU
		{CAB114E5-C9D8-4F25-9710-47CEDF26B616}.Release|Any CPU.ActiveCfg = Release|Any CPU
		{CAB114E5-C9D8-4F25-9710-47CEDF26B616}.Release|Any CPU.Build.0 = Release|Any CPU
	EndGlobalSection
	GlobalSection(SolutionProperties) = preSolution
		HideSolutionNode = FALSE
	EndGlobalSection
EndGlobal
