
Microsoft Visual Studio Solution File, Format Version 12.00
# Visual Studio 2012
Project("{FAE04EC0-301F-11D3-BF4B-00C04F79EFBC}") = "DoubleEndedQueue", "DoubleEndedQueue\DoubleEndedQueue.csproj", "{7F0F270F-430B-4A07-895D-59645822545C}"
EndProject
Project("{7CF6DF6D-3B04-46F8-A40B-537D21BCA0B4}") = "Documentation1", "Documentation1\Documentation1.shfbproj", "{ED79A67C-6D9A-447A-A663-0C587187500E}"
EndProject
Project("{7CF6DF6D-3B04-46F8-A40B-537D21BCA0B4}") = "DequeueDocumentation", "DequeueDocumentation\DequeueDocumentation.shfbproj", "{DA5C1EC4-CA7D-477B-B78B-E435D4B3BAF6}"
EndProject
Global
	GlobalSection(SolutionConfigurationPlatforms) = preSolution
		Debug|Any CPU = Debug|Any CPU
		Release|Any CPU = Release|Any CPU
	EndGlobalSection
	GlobalSection(ProjectConfigurationPlatforms) = postSolution
		{7F0F270F-430B-4A07-895D-59645822545C}.Debug|Any CPU.ActiveCfg = Debug|Any CPU
		{7F0F270F-430B-4A07-895D-59645822545C}.Debug|Any CPU.Build.0 = Debug|Any CPU
		{7F0F270F-430B-4A07-895D-59645822545C}.Release|Any CPU.ActiveCfg = Release|Any CPU
		{7F0F270F-430B-4A07-895D-59645822545C}.Release|Any CPU.Build.0 = Release|Any CPU
		{ED79A67C-6D9A-447A-A663-0C587187500E}.Debug|Any CPU.ActiveCfg = Debug|Any CPU
		{ED79A67C-6D9A-447A-A663-0C587187500E}.Debug|Any CPU.Build.0 = Debug|Any CPU
		{ED79A67C-6D9A-447A-A663-0C587187500E}.Release|Any CPU.ActiveCfg = Release|Any CPU
		{ED79A67C-6D9A-447A-A663-0C587187500E}.Release|Any CPU.Build.0 = Release|Any CPU
		{DA5C1EC4-CA7D-477B-B78B-E435D4B3BAF6}.Debug|Any CPU.ActiveCfg = Debug|Any CPU
		{DA5C1EC4-CA7D-477B-B78B-E435D4B3BAF6}.Debug|Any CPU.Build.0 = Debug|Any CPU
		{DA5C1EC4-CA7D-477B-B78B-E435D4B3BAF6}.Release|Any CPU.ActiveCfg = Release|Any CPU
		{DA5C1EC4-CA7D-477B-B78B-E435D4B3BAF6}.Release|Any CPU.Build.0 = Release|Any CPU
	EndGlobalSection
	GlobalSection(SolutionProperties) = preSolution
		HideSolutionNode = FALSE
	EndGlobalSection
EndGlobal
